// !$*UTF8*$!
{
	archiveVersion = 1;
	classes = {
	};
	objectVersion = 50;
	objects = {

/* Begin PBXBuildFile section */
		14D0D6EF233C873100708AE1 /* AppDelegate.swift in Sources */ = {isa = PBXBuildFile; fileRef = 14D0D6EE233C873100708AE1 /* AppDelegate.swift */; };
		14D0D6F1233C873100708AE1 /* ViewController.swift in Sources */ = {isa = PBXBuildFile; fileRef = 14D0D6F0233C873100708AE1 /* ViewController.swift */; };
		14D0D6F4233C873100708AE1 /* Main.storyboard in Resources */ = {isa = PBXBuildFile; fileRef = 14D0D6F2233C873100708AE1 /* Main.storyboard */; };
		14D0D6F6233C873300708AE1 /* Assets.xcassets in Resources */ = {isa = PBXBuildFile; fileRef = 14D0D6F5233C873300708AE1 /* Assets.xcassets */; };
		14D0D6F9233C873300708AE1 /* LaunchScreen.storyboard in Resources */ = {isa = PBXBuildFile; fileRef = 14D0D6F7233C873300708AE1 /* LaunchScreen.storyboard */; };
		14D0D704233C873400708AE1 /* testTests.swift in Sources */ = {isa = PBXBuildFile; fileRef = 14D0D703233C873400708AE1 /* testTests.swift */; };
		14D0D70F233C873400708AE1 /* testUITests.swift in Sources */ = {isa = PBXBuildFile; fileRef = 14D0D70E233C873400708AE1 /* testUITests.swift */; };
/* End PBXBuildFile section */

/* Begin PBXContainerItemProxy section */
		14D0D700233C873400708AE1 /* PBXContainerItemProxy */ = {
			isa = PBXContainerItemProxy;
			containerPortal = 14D0D6E3233C873100708AE1 /* Project object */;
			proxyType = 1;
			remoteGlobalIDString = 14D0D6EA233C873100708AE1;
			remoteInfo = test;
		};
		14D0D70B233C873400708AE1 /* PBXContainerItemProxy */ = {
			isa = PBXContainerItemProxy;
			containerPortal = 14D0D6E3233C873100708AE1 /* Project object */;
			proxyType = 1;
			remoteGlobalIDString = 14D0D6EA233C873100708AE1;
			remoteInfo = test;
		};
/* End PBXContainerItemProxy section */

/* Begin PBXFileReference section */
		14D0D6EB233C873100708AE1 /* test.app */ = {isa = PBXFileReference; explicitFileType = wrapper.application; includeInIndex = 0; path = test.app; sourceTree = BUILT_PRODUCTS_DIR; };
		14D0D6EE233C873100708AE1 /* AppDelegate.swift */ = {isa = PBXFileReference; lastKnownFileType = sourcecode.swift; path = AppDelegate.swift; sourceTree = "<group>"; };
		14D0D6F0233C873100708AE1 /* ViewController.swift */ = {isa = PBXFileReference; lastKnownFileType = sourcecode.swift; path = ViewController.swift; sourceTree = "<group>"; };
		14D0D6F3233C873100708AE1 /* Base */ = {isa = PBXFileReference; lastKnownFileType = file.storyboard; name = Base; path = Base.lproj/Main.storyboard; sourceTree = "<group>"; };
		14D0D6F5233C873300708AE1 /* Assets.xcassets */ = {isa = PBXFileReference; lastKnownFileType = folder.assetcatalog; path = Assets.xcassets; sourceTree = "<group>"; };
		14D0D6F8233C873300708AE1 /* Base */ = {isa = PBXFileReference; lastKnownFileType = file.storyboard; name = Base; path = Base.lproj/LaunchScreen.storyboard; sourceTree = "<group>"; };
		14D0D6FA233C873300708AE1 /* Info.plist */ = {isa = PBXFileReference; lastKnownFileType = text.plist.xml; path = Info.plist; sourceTree = "<group>"; };
		14D0D6FF233C873400708AE1 /* testTests.xctest */ = {isa = PBXFileReference; explicitFileType = wrapper.cfbundle; includeInIndex = 0; path = testTests.xctest; sourceTree = BUILT_PRODUCTS_DIR; };
		14D0D703233C873400708AE1 /* testTests.swift */ = {isa = PBXFileReference; lastKnownFileType = sourcecode.swift; path = testTests.swift; sourceTree = "<group>"; };
		14D0D705233C873400708AE1 /* Info.plist */ = {isa = PBXFileReference; lastKnownFileType = text.plist.xml; path = Info.plist; sourceTree = "<group>"; };
		14D0D70A233C873400708AE1 /* testUITests.xctest */ = {isa = PBXFileReference; explicitFileType = wrapper.cfbundle; includeInIndex = 0; path = testUITests.xctest; sourceTree = BUILT_PRODUCTS_DIR; };
		14D0D70E233C873400708AE1 /* testUITests.swift */ = {isa = PBXFileReference; lastKnownFileType = sourcecode.swift; path = testUITests.swift; sourceTree = "<group>"; };
		14D0D710233C873400708AE1 /* Info.plist */ = {isa = PBXFileReference; lastKnownFileType = text.plist.xml; path = Info.plist; sourceTree = "<group>"; };
/* End PBXFileReference section */

/* Begin PBXFrameworksBuildPhase section */
		14D0D6E8233C873100708AE1 /* Frameworks */ = {
			isa = PBXFrameworksBuildPhase;
			buildActionMask = 2147483647;
			files = (
			);
			runOnlyForDeploymentPostprocessing = 0;
		};
		14D0D6FC233C873400708AE1 /* Frameworks */ = {
			isa = PBXFrameworksBuildPhase;
			buildActionMask = 2147483647;
			files = (
			);
			runOnlyForDeploymentPostprocessing = 0;
		};
		14D0D707233C873400708AE1 /* Frameworks */ = {
			isa = PBXFrameworksBuildPhase;
			buildActionMask = 2147483647;
			files = (
			);
			runOnlyForDeploymentPostprocessing = 0;
		};
/* End PBXFrameworksBuildPhase section */

/* Begin PBXGroup section */
		14D0D6E2233C873100708AE1 = {
			isa = PBXGroup;
			children = (
				14D0D6ED233C873100708AE1 /* test */,
				14D0D702233C873400708AE1 /* testTests */,
				14D0D70D233C873400708AE1 /* testUITests */,
				14D0D6EC233C873100708AE1 /* Products */,
			);
			sourceTree = "<group>";
		};
		14D0D6EC233C873100708AE1 /* Products */ = {
			isa = PBXGroup;
			children = (
				14D0D6EB233C873100708AE1 /* test.app */,
				14D0D6FF233C873400708AE1 /* testTests.xctest */,
				14D0D70A233C873400708AE1 /* testUITests.xctest */,
			);
			name = Products;
			sourceTree = "<group>";
		};
		14D0D6ED233C873100708AE1 /* test */ = {
			isa = PBXGroup;
			children = (
				14D0D6EE233C873100708AE1 /* AppDelegate.swift */,
				14D0D6F0233C873100708AE1 /* ViewController.swift */,
				14D0D6F2233C873100708AE1 /* Main.storyboard */,
				14D0D6F5233C873300708AE1 /* Assets.xcassets */,
				14D0D6F7233C873300708AE1 /* LaunchScreen.storyboard */,
				14D0D6FA233C873300708AE1 /* Info.plist */,
			);
			path = test;
			sourceTree = "<group>";
		};
		14D0D702233C873400708AE1 /* testTests */ = {
			isa = PBXGroup;
			children = (
				14D0D703233C873400708AE1 /* testTests.swift */,
				14D0D705233C873400708AE1 /* Info.plist */,
			);
			path = testTests;
			sourceTree = "<group>";
		};
		14D0D70D233C873400708AE1 /* testUITests */ = {
			isa = PBXGroup;
			children = (
				14D0D70E233C873400708AE1 /* testUITests.swift */,
				14D0D710233C873400708AE1 /* Info.plist */,
			);
			path = testUITests;
			sourceTree = "<group>";
		};
/* End PBXGroup section */

/* Begin PBXNativeTarget section */
		14D0D6EA233C873100708AE1 /* test */ = {
			isa = PBXNativeTarget;
			buildConfigurationList = 14D0D713233C873400708AE1 /* Build configuration list for PBXNativeTarget "test" */;
			buildPhases = (
				14D0D6E7233C873100708AE1 /* Sources */,
				14D0D6E8233C873100708AE1 /* Frameworks */,
				14D0D6E9233C873100708AE1 /* Resources */,
			);
			buildRules = (
			);
			dependencies = (
			);
			name = test;
			productName = test;
			productReference = 14D0D6EB233C873100708AE1 /* test.app */;
			productType = "com.apple.product-type.application";
		};
		14D0D6FE233C873400708AE1 /* testTests */ = {
			isa = PBXNativeTarget;
			buildConfigurationList = 14D0D716233C873400708AE1 /* Build configuration list for PBXNativeTarget "testTests" */;
			buildPhases = (
				14D0D6FB233C873400708AE1 /* Sources */,
				14D0D6FC233C873400708AE1 /* Frameworks */,
				14D0D6FD233C873400708AE1 /* Resources */,
			);
			buildRules = (
			);
			dependencies = (
				14D0D701233C873400708AE1 /* PBXTargetDependency */,
			);
			name = testTests;
			productName = testTests;
			productReference = 14D0D6FF233C873400708AE1 /* testTests.xctest */;
			productType = "com.apple.product-type.bundle.unit-test";
		};
		14D0D709233C873400708AE1 /* testUITests */ = {
			isa = PBXNativeTarget;
			buildConfigurationList = 14D0D719233C873400708AE1 /* Build configuration list for PBXNativeTarget "testUITests" */;
			buildPhases = (
				14D0D706233C873400708AE1 /* Sources */,
				14D0D707233C873400708AE1 /* Frameworks */,
				14D0D708233C873400708AE1 /* Resources */,
			);
			buildRules = (
			);
			dependencies = (
				14D0D70C233C873400708AE1 /* PBXTargetDependency */,
			);
			name = testUITests;
			productName = testUITests;
			productReference = 14D0D70A233C873400708AE1 /* testUITests.xctest */;
			productType = "com.apple.product-type.bundle.ui-testing";
		};
/* End PBXNativeTarget section */

/* Begin PBXProject section */
		14D0D6E3233C873100708AE1 /* Project object */ = {
			isa = PBXProject;
			attributes = {
				LastSwiftUpdateCheck = 1010;
				LastUpgradeCheck = 1010;
				ORGANIZATIONNAME = manager;
				TargetAttributes = {
					14D0D6EA233C873100708AE1 = {
						CreatedOnToolsVersion = 10.1;
					};
					14D0D6FE233C873400708AE1 = {
						CreatedOnToolsVersion = 10.1;
						TestTargetID = 14D0D6EA233C873100708AE1;
					};
					14D0D709233C873400708AE1 = {
						CreatedOnToolsVersion = 10.1;
						TestTargetID = 14D0D6EA233C873100708AE1;
					};
				};
			};
			buildConfigurationList = 14D0D6E6233C873100708AE1 /* Build configuration list for PBXProject "test" */;
			compatibilityVersion = "Xcode 9.3";
			developmentRegion = en;
			hasScannedForEncodings = 0;
			knownRegions = (
				en,
				Base,
			);
			mainGroup = 14D0D6E2233C873100708AE1;
			productRefGroup = 14D0D6EC233C873100708AE1 /* Products */;
			projectDirPath = "";
			projectRoot = "";
			targets = (
				14D0D6EA233C873100708AE1 /* test */,
				14D0D6FE233C873400708AE1 /* testTests */,
				14D0D709233C873400708AE1 /* testUITests */,
			);
		};
/* End PBXProject section */

/* Begin PBXResourcesBuildPhase section */
		14D0D6E9233C873100708AE1 /* Resources */ = {
			isa = PBXResourcesBuildPhase;
			buildActionMask = 2147483647;
			files = (
				14D0D6F9233C873300708AE1 /* LaunchScreen.storyboard in Resources */,
				14D0D6F6233C873300708AE1 /* Assets.xcassets in Resources */,
				14D0D6F4233C873100708AE1 /* Main.storyboard in Resources */,
			);
			runOnlyForDeploymentPostprocessing = 0;
		};
		14D0D6FD233C873400708AE1 /* Resources */ = {
			isa = PBXResourcesBuildPhase;
			buildActionMask = 2147483647;
			files = (
			);
			runOnlyForDeploymentPostprocessing = 0;
		};
		14D0D708233C873400708AE1 /* Resources */ = {
			isa = PBXResourcesBuildPhase;
			buildActionMask = 2147483647;
			files = (
			);
			runOnlyForDeploymentPostprocessing = 0;
		};
/* End PBXResourcesBuildPhase section */

/* Begin PBXSourcesBuildPhase section */
		14D0D6E7233C873100708AE1 /* Sources */ = {
			isa = PBXSourcesBuildPhase;
			buildActionMask = 2147483647;
			files = (
				14D0D6F1233C873100708AE1 /* ViewController.swift in Sources */,
				14D0D6EF233C873100708AE1 /* AppDelegate.swift in Sources */,
			);
			runOnlyForDeploymentPostprocessing = 0;
		};
		14D0D6FB233C873400708AE1 /* Sources */ = {
			isa = PBXSourcesBuildPhase;
			buildActionMask = 2147483647;
			files = (
				14D0D704233C873400708AE1 /* testTests.swift in Sources */,
			);
			runOnlyForDeploymentPostprocessing = 0;
		};
		14D0D706233C873400708AE1 /* Sources */ = {
			isa = PBXSourcesBuildPhase;
			buildActionMask = 2147483647;
			files = (
				14D0D70F233C873400708AE1 /* testUITests.swift in Sources */,
			);
			runOnlyForDeploymentPostprocessing = 0;
		};
/* End PBXSourcesBuildPhase section */

/* Begin PBXTargetDependency section */
		14D0D701233C873400708AE1 /* PBXTargetDependency */ = {
			isa = PBXTargetDependency;
			target = 14D0D6EA233C873100708AE1 /* test */;
			targetProxy = 14D0D700233C873400708AE1 /* PBXContainerItemProxy */;
		};
		14D0D70C233C873400708AE1 /* PBXTargetDependency */ = {
			isa = PBXTargetDependency;
			target = 14D0D6EA233C873100708AE1 /* test */;
			targetProxy = 14D0D70B233C873400708AE1 /* PBXContainerItemProxy */;
		};
/* End PBXTargetDependency section */

/* Begin PBXVariantGroup section */
		14D0D6F2233C873100708AE1 /* Main.storyboard */ = {
			isa = PBXVariantGroup;
			children = (
				14D0D6F3233C873100708AE1 /* Base */,
			);
			name = Main.storyboard;
			sourceTree = "<group>";
		};
		14D0D6F7233C873300708AE1 /* LaunchScreen.storyboard */ = {
			isa = PBXVariantGroup;
			children = (
				14D0D6F8233C873300708AE1 /* Base */,
			);
			name = LaunchScreen.storyboard;
			sourceTree = "<group>";
		};
/* End PBXVariantGroup section */

/* Begin XCBuildConfiguration section */
		14D0D711233C873400708AE1 /* Debug */ = {
			isa = XCBuildConfiguration;
			buildSettings = {
				ALWAYS_SEARCH_USER_PATHS = NO;
				CLANG_ANALYZER_NONNULL = YES;
				CLANG_ANALYZER_NUMBER_OBJECT_CONVERSION = YES_AGGRESSIVE;
				CLANG_CXX_LANGUAGE_STANDARD = "gnu++14";
				CLANG_CXX_LIBRARY = "libc++";
				CLANG_ENABLE_MODULES = YES;
				CLANG_ENABLE_OBJC_ARC = YES;
				CLANG_ENABLE_OBJC_WEAK = YES;
				CLANG_WARN_BLOCK_CAPTURE_AUTORELEASING = YES;
				CLANG_WARN_BOOL_CONVERSION = YES;
				CLANG_WARN_COMMA = YES;
				CLANG_WARN_CONSTANT_CONVERSION = YES;
				CLANG_WARN_DEPRECATED_OBJC_IMPLEMENTATIONS = YES;
				CLANG_WARN_DIRECT_OBJC_ISA_USAGE = YES_ERROR;
				CLANG_WARN_DOCUMENTATION_COMMENTS = YES;
				CLANG_WARN_EMPTY_BODY = YES;
				CLANG_WARN_ENUM_CONVERSION = YES;
				CLANG_WARN_INFINITE_RECURSION = YES;
				CLANG_WARN_INT_CONVERSION = YES;
				CLANG_WARN_NON_LITERAL_NULL_CONVERSION = YES;
				CLANG_WARN_OBJC_IMPLICIT_RETAIN_SELF = YES;
				CLANG_WARN_OBJC_LITERAL_CONVERSION = YES;
				CLANG_WARN_OBJC_ROOT_CLASS = YES_ERROR;
				CLANG_WARN_RANGE_LOOP_ANALYSIS = YES;
				CLANG_WARN_STRICT_PROTOTYPES = YES;
				CLANG_WARN_SUSPICIOUS_MOVE = YES;
				CLANG_WARN_UNGUARDED_AVAILABILITY = YES_AGGRESSIVE;
				CLANG_WARN_UNREACHABLE_CODE = YES;
				CLANG_WARN__DUPLICATE_METHOD_MATCH = YES;
				CODE_SIGN_IDENTITY = "iPhone Developer";
				COPY_PHASE_STRIP = NO;
				DEBUG_INFORMATION_FORMAT = dwarf;
				ENABLE_STRICT_OBJC_MSGSEND = YES;
				ENABLE_TESTABILITY = YES;
				GCC_C_LANGUAGE_STANDARD = gnu11;
				GCC_DYNAMIC_NO_PIC = NO;
				GCC_NO_COMMON_BLOCKS = YES;
				GCC_OPTIMIZATION_LEVEL = 0;
				GCC_PREPROCESSOR_DEFINITIONS = (
					"DEBUG=1",
					"$(inherited)",
				);
				GCC_WARN_64_TO_32_BIT_CONVERSION = YES;
				GCC_WARN_ABOUT_RETURN_TYPE = YES_ERROR;
				GCC_WARN_UNDECLARED_SELECTOR = YES;
				GCC_WARN_UNINITIALIZED_AUTOS = YES_AGGRESSIVE;
				GCC_WARN_UNUSED_FUNCTION = YES;
				GCC_WARN_UNUSED_VARIABLE = YES;
				IPHONEOS_DEPLOYMENT_TARGET = 12.1;
				MTL_ENABLE_DEBUG_INFO = INCLUDE_SOURCE;
				MTL_FAST_MATH = YES;
				ONLY_ACTIVE_ARCH = YES;
				SDKROOT = iphoneos;
				SWIFT_ACTIVE_COMPILATION_CONDITIONS = DEBUG;
				SWIFT_OPTIMIZATION_LEVEL = "-Onone";
			};
			name = Debug;
		};
		14D0D712233C873400708AE1 /* Release */ = {
			isa = XCBuildConfiguration;
			buildSettings = {
				ALWAYS_SEARCH_USER_PATHS = NO;
				CLANG_ANALYZER_NONNULL = YES;
				CLANG_ANALYZER_NUMBER_OBJECT_CONVERSION = YES_AGGRESSIVE;
				CLANG_CXX_LANGUAGE_STANDARD = "gnu++14";
				CLANG_CXX_LIBRARY = "libc++";
				CLANG_ENABLE_MODULES = YES;
				CLANG_ENABLE_OBJC_ARC = YES;
				CLANG_ENABLE_OBJC_WEAK = YES;
				CLANG_WARN_BLOCK_CAPTURE_AUTORELEASING = YES;
				CLANG_WARN_BOOL_CONVERSION = YES;
				CLANG_WARN_COMMA = YES;
				CLANG_WARN_CONSTANT_CONVERSION = YES;
				CLANG_WARN_DEPRECATED_OBJC_IMPLEMENTATIONS = YES;
				CLANG_WARN_DIRECT_OBJC_ISA_USAGE = YES_ERROR;
				CLANG_WARN_DOCUMENTATION_COMMENTS = YES;
				CLANG_WARN_EMPTY_BODY = YES;
				CLANG_WARN_ENUM_CONVERSION = YES;
				CLANG_WARN_INFINITE_RECURSION = YES;
				CLANG_WARN_INT_CONVERSION = YES;
				CLANG_WARN_NON_LITERAL_NULL_CONVERSION = YES;
				CLANG_WARN_OBJC_IMPLICIT_RETAIN_SELF = YES;
				CLANG_WARN_OBJC_LITERAL_CONVERSION = YES;
				CLANG_WARN_OBJC_ROOT_CLASS = YES_ERROR;
				CLANG_WARN_RANGE_LOOP_ANALYSIS = YES;
				CLANG_WARN_STRICT_PROTOTYPES = YES;
				CLANG_WARN_SUSPICIOUS_MOVE = YES;
				CLANG_WARN_UNGUARDED_AVAILABILITY = YES_AGGRESSIVE;
				CLANG_WARN_UNREACHABLE_CODE = YES;
				CLANG_WARN__DUPLICATE_METHOD_MATCH = YES;
				CODE_SIGN_IDENTITY = "iPhone Developer";
				COPY_PHASE_STRIP = NO;
				DEBUG_INFORMATION_FORMAT = "dwarf-with-dsym";
				ENABLE_NS_ASSERTIONS = NO;
				ENABLE_STRICT_OBJC_MSGSEND = YES;
				GCC_C_LANGUAGE_STANDARD = gnu11;
				GCC_NO_COMMON_BLOCKS = YES;
				GCC_WARN_64_TO_32_BIT_CONVERSION = YES;
				GCC_WARN_ABOUT_RETURN_TYPE = YES_ERROR;
				GCC_WARN_UNDECLARED_SELECTOR = YES;
				GCC_WARN_UNINITIALIZED_AUTOS = YES_AGGRESSIVE;
				GCC_WARN_UNUSED_FUNCTION = YES;
				GCC_WARN_UNUSED_VARIABLE = YES;
				IPHONEOS_DEPLOYMENT_TARGET = 12.1;
				MTL_ENABLE_DEBUG_INFO = NO;
				MTL_FAST_MATH = YES;
				SDKROOT = iphoneos;
				SWIFT_COMPILATION_MODE = wholemodule;
				SWIFT_OPTIMIZATION_LEVEL = "-O";
				VALIDATE_PRODUCT = YES;
			};
			name = Release;
		};
		14D0D714233C873400708AE1 /* Debug */ = {
			isa = XCBuildConfiguration;
			buildSettings = {
				ASSETCATALOG_COMPILER_APPICON_NAME = AppIcon;
				CODE_SIGN_STYLE = Automatic;
				DEVELOPMENT_TEAM = 8LCXP4G5M2;
				INFOPLIST_FILE = test/Info.plist;
				LD_RUNPATH_SEARCH_PATHS = (
					"$(inherited)",
					"@executable_path/Frameworks",
				);
				PRODUCT_BUNDLE_IDENTIFIER = CameraTest2.test;
				PRODUCT_NAME = "$(TARGET_NAME)";
				SWIFT_VERSION = 4.2;
				TARGETED_DEVICE_FAMILY = "1,2";
			};
			name = Debug;
		};
		14D0D715233C873400708AE1 /* Release */ = {
			isa = XCBuildConfiguration;
			buildSettings = {
				ASSETCATALOG_COMPILER_APPICON_NAME = AppIcon;
				CODE_SIGN_STYLE = Automatic;
				DEVELOPMENT_TEAM = 8LCXP4G5M2;
				INFOPLIST_FILE = test/Info.plist;
				LD_RUNPATH_SEARCH_PATHS = (
					"$(inherited)",
					"@executable_path/Frameworks",
				);
				PRODUCT_BUNDLE_IDENTIFIER = CameraTest2.test;
				PRODUCT_NAME = "$(TARGET_NAME)";
				SWIFT_VERSION = 4.2;
				TARGETED_DEVICE_FAMILY = "1,2";
			};
			name = Release;
		};
		14D0D717233C873400708AE1 /* Debug */ = {
			isa = XCBuildConfiguration;
			buildSettings = {
				ALWAYS_EMBED_SWIFT_STANDARD_LIBRARIES = YES;
				BUNDLE_LOADER = "$(TEST_HOST)";
				CODE_SIGN_STYLE = Automatic;
				DEVELOPMENT_TEAM = 8LCXP4G5M2;
				INFOPLIST_FILE = testTests/Info.plist;
				LD_RUNPATH_SEARCH_PATHS = (
					"$(inherited)",
					"@executable_path/Frameworks",
					"@loader_path/Frameworks",
				);
				PRODUCT_BUNDLE_IDENTIFIER = CameraTest2.testTests;
				PRODUCT_NAME = "$(TARGET_NAME)";
				SWIFT_VERSION = 4.2;
				TARGETED_DEVICE_FAMILY = "1,2";
				TEST_HOST = "$(BUILT_PRODUCTS_DIR)/test.app/test";
			};
			name = Debug;
		};
		14D0D718233C873400708AE1 /* Release */ = {
			isa = XCBuildConfiguration;
			buildSettings = {
				ALWAYS_EMBED_SWIFT_STANDARD_LIBRARIES = YES;
				BUNDLE_LOADER = "$(TEST_HOST)";
				CODE_SIGN_STYLE = Automatic;
				DEVELOPMENT_TEAM = 8LCXP4G5M2;
				INFOPLIST_FILE = testTests/Info.plist;
				LD_RUNPATH_SEARCH_PATHS = (
					"$(inherited)",
					"@executable_path/Frameworks",
					"@loader_path/Frameworks",
				);
				PRODUCT_BUNDLE_IDENTIFIER = CameraTest2.testTests;
				PRODUCT_NAME = "$(TARGET_NAME)";
				SWIFT_VERSION = 4.2;
				TARGETED_DEVICE_FAMILY = "1,2";
				TEST_HOST = "$(BUILT_PRODUCTS_DIR)/test.app/test";
			};
			name = Release;
		};
		14D0D71A233C873400708AE1 /* Debug */ = {
			isa = XCBuildConfiguration;
			buildSettings = {
				ALWAYS_EMBED_SWIFT_STANDARD_LIBRARIES = YES;
				CODE_SIGN_STYLE = Automatic;
				DEVELOPMENT_TEAM = 8LCXP4G5M2;
				INFOPLIST_FILE = testUITests/Info.plist;
				LD_RUNPATH_SEARCH_PATHS = (
					"$(inherited)",
					"@executable_path/Frameworks",
					"@loader_path/Frameworks",
				);
				PRODUCT_BUNDLE_IDENTIFIER = CameraTest2.testUITests;
				PRODUCT_NAME = "$(TARGET_NAME)";
				SWIFT_VERSION = 4.2;
				TARGETED_DEVICE_FAMILY = "1,2";
				TEST_TARGET_NAME = test;
			};
			name = Debug;
		};
		14D0D71B233C873400708AE1 /* Release */ = {
			isa = XCBuildConfiguration;
			buildSettings = {
				ALWAYS_EMBED_SWIFT_STANDARD_LIBRARIES = YES;
				CODE_SIGN_STYLE = Automatic;
				DEVELOPMENT_TEAM = 8LCXP4G5M2;
				INFOPLIST_FILE = testUITests/Info.plist;
				LD_RUNPATH_SEARCH_PATHS = (
					"$(inherited)",
					"@executable_path/Frameworks",
					"@loader_path/Frameworks",
				);
				PRODUCT_BUNDLE_IDENTIFIER = CameraTest2.testUITests;
				PRODUCT_NAME = "$(TARGET_NAME)";
				SWIFT_VERSION = 4.2;
				TARGETED_DEVICE_FAMILY = "1,2";
				TEST_TARGET_NAME = test;
			};
			name = Release;
		};
/* End XCBuildConfiguration section */

/* Begin XCConfigurationList section */
		14D0D6E6233C873100708AE1 /* Build configuration list for PBXProject "test" */ = {
			isa = XCConfigurationList;
			buildConfigurations = (
				14D0D711233C873400708AE1 /* Debug */,
				14D0D712233C873400708AE1 /* Release */,
			);
			defaultConfigurationIsVisible = 0;
			defaultConfigurationName = Release;
		};
		14D0D713233C873400708AE1 /* Build configuration list for PBXNativeTarget "test" */ = {
			isa = XCConfigurationList;
			buildConfigurations = (
				14D0D714233C873400708AE1 /* Debug */,
				14D0D715233C873400708AE1 /* Release */,
			);
			defaultConfigurationIsVisible = 0;
			defaultConfigurationName = Release;
		};
		14D0D716233C873400708AE1 /* Build configuration list for PBXNativeTarget "testTests" */ = {
			isa = XCConfigurationList;
			buildConfigurations = (
				14D0D717233C873400708AE1 /* Debug */,
				14D0D718233C873400708AE1 /* Release */,
			);
			defaultConfigurationIsVisible = 0;
			defaultConfigurationName = Release;
		};
		14D0D719233C873400708AE1 /* Build configuration list for PBXNativeTarget "testUITests" */ = {
			isa = XCConfigurationList;
			buildConfigurations = (
				14D0D71A233C873400708AE1 /* Debug */,
				14D0D71B233C873400708AE1 /* Release */,
			);
			defaultConfigurationIsVisible = 0;
			defaultConfigurationName = Release;
		};
/* End XCConfigurationList section */
	};
	rootObject = 14D0D6E3233C873100708AE1 /* Project object */;
}
